
Microsoft Visual Studio Solution File, Format Version 12.00
# Visual Studio Version 17
VisualStudioVersion = 17.1.32210.238
MinimumVisualStudioVersion = 10.0.40219.1
Project("{FAE04EC0-301F-11D3-BF4B-00C04F79EFBC}") = "Laba2", "Laba2\Laba2.csproj", "{61172E3F-8DE6-45CA-BFE8-78E55A2D3CE2}"
EndProject
Global
	GlobalSection(SolutionConfigurationPlatforms) = preSolution
		Debug|Any CPU = Debug|Any CPU
		Release|Any CPU = Release|Any CPU
	EndGlobalSection
	GlobalSection(ProjectConfigurationPlatforms) = postSolution
		{61172E3F-8DE6-45CA-BFE8-78E55A2D3CE2}.Debug|Any CPU.ActiveCfg = Debug|Any CPU
		{61172E3F-8DE6-45CA-BFE8-78E55A2D3CE2}.Debug|Any CPU.Build.0 = Debug|Any CPU
		{61172E3F-8DE6-45CA-BFE8-78E55A2D3CE2}.Release|Any CPU.ActiveCfg = Release|Any CPU
		{61172E3F-8DE6-45CA-BFE8-78E55A2D3CE2}.Release|Any CPU.Build.0 = Release|Any CPU
	EndGlobalSection
	GlobalSection(SolutionProperties) = preSolution
		HideSolutionNode = FALSE
	EndGlobalSection
	GlobalSection(ExtensibilityGlobals) = postSolution
		SolutionGuid = {C91493A2-6427-4CDE-B4DE-342EE0687AB0}
	EndGlobalSection
EndGlobal
